
Microsoft Visual Studio Solution File, Format Version 12.00
# Visual Studio 15
Project("{FAE04EC0-301F-11D3-BF4B-00C04F79EFBC}") = "Assembly-CSharp", "Assembly-CSharp.csproj", "{E587B2B2-053F-C857-1CEF-D5317A9E1ED3}"
EndProject
Project("{FAE04EC0-301F-11D3-BF4B-00C04F79EFBC}") = "Assembly-CSharp-Editor", "Assembly-CSharp-Editor.csproj", "{9DD1CF49-0D7E-3F57-B2A4-972E6A307DD5}"
EndProject
Global
	GlobalSection(SolutionConfigurationPlatforms) = preSolution
		Debug|Any CPU = Debug|Any CPU
		Release|Any CPU = Release|Any CPU
	EndGlobalSection
	GlobalSection(ProjectConfigurationPlatforms) = postSolution
		{E587B2B2-053F-C857-1CEF-D5317A9E1ED3}.Debug|Any CPU.ActiveCfg = Debug|Any CPU
		{E587B2B2-053F-C857-1CEF-D5317A9E1ED3}.Debug|Any CPU.Build.0 = Debug|Any CPU
		{E587B2B2-053F-C857-1CEF-D5317A9E1ED3}.Release|Any CPU.ActiveCfg = Release|Any CPU
		{E587B2B2-053F-C857-1CEF-D5317A9E1ED3}.Release|Any CPU.Build.0 = Release|Any CPU
		{9DD1CF49-0D7E-3F57-B2A4-972E6A307DD5}.Debug|Any CPU.ActiveCfg = Debug|Any CPU
		{9DD1CF49-0D7E-3F57-B2A4-972E6A307DD5}.Debug|Any CPU.Build.0 = Debug|Any CPU
		{9DD1CF49-0D7E-3F57-B2A4-972E6A307DD5}.Release|Any CPU.ActiveCfg = Release|Any CPU
		{9DD1CF49-0D7E-3F57-B2A4-972E6A307DD5}.Release|Any CPU.Build.0 = Release|Any CPU
	EndGlobalSection
	GlobalSection(SolutionProperties) = preSolution
		HideSolutionNode = FALSE
	EndGlobalSection
EndGlobal
